{
  "name": "json-explorer-taco",
  "version": "1.1.2",
  "lockfileVersion": 1,
  "requires": true,
  "dependencies": {
    "iced-coffee-script-3": {
      "version": "110.0.0",
      "resolved": "https://registry.npmjs.org/iced-coffee-script-3/-/iced-coffee-script-3-110.0.0.tgz",
      "integrity": "sha1-Tbh83vjkxZxDoI1tTV5FVS4hUQ4=",
      "dev": true,
      "requires": {
        "iced-runtime-3": ">=3.0.4"
      }
    },
    "iced-error": {
      "version": "0.0.9",
      "resolved": "https://registry.npmjs.org/iced-error/-/iced-error-0.0.9.tgz",
      "integrity": "sha1-x8MFdhTAoYfZaz0YxtUg5rhy7Tc="
    },
    "iced-lock": {
      "version": "1.1.0",
      "resolved": "https://registry.npmjs.org/iced-lock/-/iced-lock-1.1.0.tgz",
      "integrity": "sha1-YRbvHKs6zW5rEIk7snumIv0/3nI=",
      "requires": {
        "iced-runtime": "^1.0.0"
      }
    },
    "iced-runtime": {
      "version": "1.0.3",
      "resolved": "https://registry.npmjs.org/iced-runtime/-/iced-runtime-1.0.3.tgz",
      "integrity": "sha1-LU9PuZmreqVDCxk8d6f85BGDGc4="
    },
    "iced-runtime-3": {
      "version": "3.0.4",
      "resolved": "https://registry.npmjs.org/iced-runtime-3/-/iced-runtime-3-3.0.4.tgz",
      "integrity": "sha1-/lc899EJK0g1TdNXJgRZiLpUL6w="
    },
    "iced-utils": {
      "version": "0.1.27",
      "resolved": "https://registry.npmjs.org/iced-utils/-/iced-utils-0.1.27.tgz",
      "integrity": "sha512-Yi17vdjWBXfdqYEA08mCVy1AcLCkj7UsUg3/wCJUMeE5/ZWilc2vhM7nlFpRXpa9LYgbPbg8fNAnP5V8L+TZdw==",
      "requires": {
        "iced-error": "^0.0.10",
        "iced-lock": "^1.0.2",
        "iced-runtime": ">=0.0.1 <2.0.0-0"
      },
      "dependencies": {
        "iced-error": {
          "version": "0.0.10",
          "resolved": "https://registry.npmjs.org/iced-error/-/iced-error-0.0.10.tgz",
          "integrity": "sha1-+C5DaPefSv3z7SA3WswoqHAoCeg="
        }
      }
    },
    "minimist": {
      "version": "1.2.3",
      "resolved": "https://registry.npmjs.org/minimist/-/minimist-1.2.3.tgz",
      "integrity": "sha512-+bMdgqjMN/Z77a6NlY/I3U5LlRDbnmaAk6lDveAPKwSpcPM4tKAuYsvYF8xjhOPXhOYGe/73vVLVez5PW+jqhw=="
    },
    "purepack": {
      "version": "1.0.5",
      "resolved": "https://registry.npmjs.org/purepack/-/purepack-1.0.5.tgz",
      "integrity": "sha512-Amc1FB7Xyp/qFAHfr6NzrvMgUJ4Qc7dd4TteEBmXtPxxz1iRBUHjMKdgVRqviSIjb3u5yuylWcsijGVbKHfffg=="
    }
  }
}
